Microsoft Visual Studio Solution File, Format Version 12.00
# Visual Studio Version 17
VisualStudioVersion = 17.5.2.0
MinimumVisualStudioVersion = 10.0.40219.1
Project("{FAE04EC0-301F-11D3-BF4B-00C04F79EFBC}") = "guinea_football_club_erp", "guinea_football_club_erp.csproj", "{76C6D04B-BCCC-679D-554B-BF3F2CEA5F94}"
EndProject
Global
	GlobalSection(SolutionConfigurationPlatforms) = preSolution
		Debug|Any CPU = Debug|Any CPU
		Release|Any CPU = Release|Any CPU
	EndGlobalSection
	GlobalSection(ProjectConfigurationPlatforms) = postSolution
		{76C6D04B-BCCC-679D-554B-BF3F2CEA5F94}.Debug|Any CPU.ActiveCfg = Debug|Any CPU
		{76C6D04B-BCCC-679D-554B-BF3F2CEA5F94}.Debug|Any CPU.Build.0 = Debug|Any CPU
		{76C6D04B-BCCC-679D-554B-BF3F2CEA5F94}.Release|Any CPU.ActiveCfg = Release|Any CPU
		{76C6D04B-BCCC-679D-554B-BF3F2CEA5F94}.Release|Any CPU.Build.0 = Release|Any CPU
	EndGlobalSection
	GlobalSection(SolutionProperties) = preSolution
		HideSolutionNode = FALSE
	EndGlobalSection
	GlobalSection(ExtensibilityGlobals) = postSolution
		SolutionGuid = {7FF50387-6E4C-473B-B84B-CB9E71D57C3A}
	EndGlobalSection
EndGlobal
